// !$*UTF8*$!
{
	archiveVersion = 1;
	classes = {
	};
	objectVersion = 56;
	objects = {

/* Begin PBXBuildFile section */
		8E8899B4293340FE009DBB89 /* AppDelegate.swift in Sources */ = {isa = PBXBuildFile; fileRef = 8E8899B3293340FE009DBB89 /* AppDelegate.swift */; };
		8E8899B6293340FE009DBB89 /* SceneDelegate.swift in Sources */ = {isa = PBXBuildFile; fileRef = 8E8899B5293340FE009DBB89 /* SceneDelegate.swift */; };
		8E8899BB293340FE009DBB89 /* Main.storyboard in Resources */ = {isa = PBXBuildFile; fileRef = 8E8899B9293340FE009DBB89 /* Main.storyboard */; };
		8E8899BE293340FE009DBB89 /* WeatherProject.xcdatamodeld in Sources */ = {isa = PBXBuildFile; fileRef = 8E8899BC293340FE009DBB89 /* WeatherProject.xcdatamodeld */; };
		8E8899C029334100009DBB89 /* Assets.xcassets in Resources */ = {isa = PBXBuildFile; fileRef = 8E8899BF29334100009DBB89 /* Assets.xcassets */; };
		8E8899C329334100009DBB89 /* LaunchScreen.storyboard in Resources */ = {isa = PBXBuildFile; fileRef = 8E8899C129334100009DBB89 /* LaunchScreen.storyboard */; };
		8E8899CF29334285009DBB89 /* WeatherModel.swift in Sources */ = {isa = PBXBuildFile; fileRef = 8E8899CE29334285009DBB89 /* WeatherModel.swift */; };
		8E8899D229334387009DBB89 /* Client.swift in Sources */ = {isa = PBXBuildFile; fileRef = 8E8899D129334387009DBB89 /* Client.swift */; };
		8E8899D42933439E009DBB89 /* BaseResponse.swift in Sources */ = {isa = PBXBuildFile; fileRef = 8E8899D32933439E009DBB89 /* BaseResponse.swift */; };
		8E8899D629334E87009DBB89 /* SearchViewController.swift in Sources */ = {isa = PBXBuildFile; fileRef = 8E8899D529334E87009DBB89 /* SearchViewController.swift */; };
		8E8899D829334EBE009DBB89 /* FavoritesViewController.swift in Sources */ = {isa = PBXBuildFile; fileRef = 8E8899D729334EBE009DBB89 /* FavoritesViewController.swift */; };
		8E8899DA29334EED009DBB89 /* DetailViewController.swift in Sources */ = {isa = PBXBuildFile; fileRef = 8E8899D929334EED009DBB89 /* DetailViewController.swift */; };
/* End PBXBuildFile section */

/* Begin PBXFileReference section */
		8E8899B0293340FE009DBB89 /* WeatherProject.app */ = {isa = PBXFileReference; explicitFileType = wrapper.application; includeInIndex = 0; path = WeatherProject.app; sourceTree = BUILT_PRODUCTS_DIR; };
		8E8899B3293340FE009DBB89 /* AppDelegate.swift */ = {isa = PBXFileReference; lastKnownFileType = sourcecode.swift; path = AppDelegate.swift; sourceTree = "<group>"; };
		8E8899B5293340FE009DBB89 /* SceneDelegate.swift */ = {isa = PBXFileReference; lastKnownFileType = sourcecode.swift; path = SceneDelegate.swift; sourceTree = "<group>"; };
		8E8899BA293340FE009DBB89 /* Base */ = {isa = PBXFileReference; lastKnownFileType = file.storyboard; name = Base; path = Base.lproj/Main.storyboard; sourceTree = "<group>"; };
		8E8899BD293340FE009DBB89 /* WeatherProject.xcdatamodel */ = {isa = PBXFileReference; lastKnownFileType = wrapper.xcdatamodel; path = WeatherProject.xcdatamodel; sourceTree = "<group>"; };
		8E8899BF29334100009DBB89 /* Assets.xcassets */ = {isa = PBXFileReference; lastKnownFileType = folder.assetcatalog; path = Assets.xcassets; sourceTree = "<group>"; };
		8E8899C229334100009DBB89 /* Base */ = {isa = PBXFileReference; lastKnownFileType = file.storyboard; name = Base; path = Base.lproj/LaunchScreen.storyboard; sourceTree = "<group>"; };
		8E8899C429334100009DBB89 /* Info.plist */ = {isa = PBXFileReference; lastKnownFileType = text.plist.xml; path = Info.plist; sourceTree = "<group>"; };
		8E8899CE29334285009DBB89 /* WeatherModel.swift */ = {isa = PBXFileReference; lastKnownFileType = sourcecode.swift; path = WeatherModel.swift; sourceTree = "<group>"; };
		8E8899D129334387009DBB89 /* Client.swift */ = {isa = PBXFileReference; lastKnownFileType = sourcecode.swift; path = Client.swift; sourceTree = "<group>"; };
		8E8899D32933439E009DBB89 /* BaseResponse.swift */ = {isa = PBXFileReference; lastKnownFileType = sourcecode.swift; path = BaseResponse.swift; sourceTree = "<group>"; };
		8E8899D529334E87009DBB89 /* SearchViewController.swift */ = {isa = PBXFileReference; lastKnownFileType = sourcecode.swift; path = SearchViewController.swift; sourceTree = "<group>"; };
		8E8899D729334EBE009DBB89 /* FavoritesViewController.swift */ = {isa = PBXFileReference; lastKnownFileType = sourcecode.swift; path = FavoritesViewController.swift; sourceTree = "<group>"; };
		8E8899D929334EED009DBB89 /* DetailViewController.swift */ = {isa = PBXFileReference; lastKnownFileType = sourcecode.swift; path = DetailViewController.swift; sourceTree = "<group>"; };
/* End PBXFileReference section */

/* Begin PBXFrameworksBuildPhase section */
		8E8899AD293340FE009DBB89 /* Frameworks */ = {
			isa = PBXFrameworksBuildPhase;
			buildActionMask = 2147483647;
			files = (
			);
			runOnlyForDeploymentPostprocessing = 0;
		};
/* End PBXFrameworksBuildPhase section */

/* Begin PBXGroup section */
		8E8899A7293340FE009DBB89 = {
			isa = PBXGroup;
			children = (
				8E8899B2293340FE009DBB89 /* WeatherProject */,
				8E8899B1293340FE009DBB89 /* Products */,
			);
			sourceTree = "<group>";
		};
		8E8899B1293340FE009DBB89 /* Products */ = {
			isa = PBXGroup;
			children = (
				8E8899B0293340FE009DBB89 /* WeatherProject.app */,
			);
			name = Products;
			sourceTree = "<group>";
		};
		8E8899B2293340FE009DBB89 /* WeatherProject */ = {
			isa = PBXGroup;
			children = (
				8E8899D029334370009DBB89 /* Service */,
				8E8899CD2933422E009DBB89 /* App */,
				8E8899CC2933421F009DBB89 /* Controller */,
				8E8899CB29334210009DBB89 /* View */,
				8E8899CA293341CB009DBB89 /* Model */,
				8E8899C429334100009DBB89 /* Info.plist */,
				8E8899BC293340FE009DBB89 /* WeatherProject.xcdatamodeld */,
			);
			path = WeatherProject;
			sourceTree = "<group>";
		};
		8E8899CA293341CB009DBB89 /* Model */ = {
			isa = PBXGroup;
			children = (
				8E8899CE29334285009DBB89 /* WeatherModel.swift */,
			);
			path = Model;
			sourceTree = "<group>";
		};
		8E8899CB29334210009DBB89 /* View */ = {
			isa = PBXGroup;
			children = (
			);
			path = View;
			sourceTree = "<group>";
		};
		8E8899CC2933421F009DBB89 /* Controller */ = {
			isa = PBXGroup;
			children = (
				8E8899D529334E87009DBB89 /* SearchViewController.swift */,
				8E8899D729334EBE009DBB89 /* FavoritesViewController.swift */,
				8E8899D929334EED009DBB89 /* DetailViewController.swift */,
			);
			path = Controller;
			sourceTree = "<group>";
		};
		8E8899CD2933422E009DBB89 /* App */ = {
			isa = PBXGroup;
			children = (
				8E8899B3293340FE009DBB89 /* AppDelegate.swift */,
				8E8899B5293340FE009DBB89 /* SceneDelegate.swift */,
				8E8899B9293340FE009DBB89 /* Main.storyboard */,
				8E8899BF29334100009DBB89 /* Assets.xcassets */,
				8E8899C129334100009DBB89 /* LaunchScreen.storyboard */,
			);
			path = App;
			sourceTree = "<group>";
		};
		8E8899D029334370009DBB89 /* Service */ = {
			isa = PBXGroup;
			children = (
				8E8899D129334387009DBB89 /* Client.swift */,
				8E8899D32933439E009DBB89 /* BaseResponse.swift */,
			);
			path = Service;
			sourceTree = "<group>";
		};
/* End PBXGroup section */

/* Begin PBXNativeTarget section */
		8E8899AF293340FE009DBB89 /* WeatherProject */ = {
			isa = PBXNativeTarget;
			buildConfigurationList = 8E8899C729334100009DBB89 /* Build configuration list for PBXNativeTarget "WeatherProject" */;
			buildPhases = (
				8E8899AC293340FE009DBB89 /* Sources */,
				8E8899AD293340FE009DBB89 /* Frameworks */,
				8E8899AE293340FE009DBB89 /* Resources */,
			);
			buildRules = (
			);
			dependencies = (
			);
			name = WeatherProject;
			productName = WeatherProject;
			productReference = 8E8899B0293340FE009DBB89 /* WeatherProject.app */;
			productType = "com.apple.product-type.application";
		};
/* End PBXNativeTarget section */

/* Begin PBXProject section */
		8E8899A8293340FE009DBB89 /* Project object */ = {
			isa = PBXProject;
			attributes = {
				BuildIndependentTargetsInParallel = 1;
				LastSwiftUpdateCheck = 1400;
				LastUpgradeCheck = 1400;
				TargetAttributes = {
					8E8899AF293340FE009DBB89 = {
						CreatedOnToolsVersion = 14.0.1;
					};
				};
			};
			buildConfigurationList = 8E8899AB293340FE009DBB89 /* Build configuration list for PBXProject "WeatherProject" */;
			compatibilityVersion = "Xcode 14.0";
			developmentRegion = en;
			hasScannedForEncodings = 0;
			knownRegions = (
				en,
				Base,
			);
			mainGroup = 8E8899A7293340FE009DBB89;
			productRefGroup = 8E8899B1293340FE009DBB89 /* Products */;
			projectDirPath = "";
			projectRoot = "";
			targets = (
				8E8899AF293340FE009DBB89 /* WeatherProject */,
			);
		};
/* End PBXProject section */

/* Begin PBXResourcesBuildPhase section */
		8E8899AE293340FE009DBB89 /* Resources */ = {
			isa = PBXResourcesBuildPhase;
			buildActionMask = 2147483647;
			files = (
				8E8899C329334100009DBB89 /* LaunchScreen.storyboard in Resources */,
				8E8899C029334100009DBB89 /* Assets.xcassets in Resources */,
				8E8899BB293340FE009DBB89 /* Main.storyboard in Resources */,
			);
			runOnlyForDeploymentPostprocessing = 0;
		};
/* End PBXResourcesBuildPhase section */

/* Begin PBXSourcesBuildPhase section */
		8E8899AC293340FE009DBB89 /* Sources */ = {
			isa = PBXSourcesBuildPhase;
			buildActionMask = 2147483647;
			files = (
				8E8899D829334EBE009DBB89 /* FavoritesViewController.swift in Sources */,
				8E8899B4293340FE009DBB89 /* AppDelegate.swift in Sources */,
				8E8899D629334E87009DBB89 /* SearchViewController.swift in Sources */,
				8E8899D229334387009DBB89 /* Client.swift in Sources */,
				8E8899BE293340FE009DBB89 /* WeatherProject.xcdatamodeld in Sources */,
				8E8899D42933439E009DBB89 /* BaseResponse.swift in Sources */,
				8E8899DA29334EED009DBB89 /* DetailViewController.swift in Sources */,
				8E8899B6293340FE009DBB89 /* SceneDelegate.swift in Sources */,
				8E8899CF29334285009DBB89 /* WeatherModel.swift in Sources */,
			);
			runOnlyForDeploymentPostprocessing = 0;
		};
/* End PBXSourcesBuildPhase section */

/* Begin PBXVariantGroup section */
		8E8899B9293340FE009DBB89 /* Main.storyboard */ = {
			isa = PBXVariantGroup;
			children = (
				8E8899BA293340FE009DBB89 /* Base */,
			);
			name = Main.storyboard;
			sourceTree = "<group>";
		};
		8E8899C129334100009DBB89 /* LaunchScreen.storyboard */ = {
			isa = PBXVariantGroup;
			children = (
				8E8899C229334100009DBB89 /* Base */,
			);
			name = LaunchScreen.storyboard;
			sourceTree = "<group>";
		};
/* End PBXVariantGroup section */

/* Begin XCBuildConfiguration section */
		8E8899C529334100009DBB89 /* Debug */ = {
			isa = XCBuildConfiguration;
			buildSettings = {
				ALWAYS_SEARCH_USER_PATHS = NO;
				CLANG_ANALYZER_NONNULL = YES;
				CLANG_ANALYZER_NUMBER_OBJECT_CONVERSION = YES_AGGRESSIVE;
				CLANG_CXX_LANGUAGE_STANDARD = "gnu++20";
				CLANG_ENABLE_MODULES = YES;
				CLANG_ENABLE_OBJC_ARC = YES;
				CLANG_ENABLE_OBJC_WEAK = YES;
				CLANG_WARN_BLOCK_CAPTURE_AUTORELEASING = YES;
				CLANG_WARN_BOOL_CONVERSION = YES;
				CLANG_WARN_COMMA = YES;
				CLANG_WARN_CONSTANT_CONVERSION = YES;
				CLANG_WARN_DEPRECATED_OBJC_IMPLEMENTATIONS = YES;
				CLANG_WARN_DIRECT_OBJC_ISA_USAGE = YES_ERROR;
				CLANG_WARN_DOCUMENTATION_COMMENTS = YES;
				CLANG_WARN_EMPTY_BODY = YES;
				CLANG_WARN_ENUM_CONVERSION = YES;
				CLANG_WARN_INFINITE_RECURSION = YES;
				CLANG_WARN_INT_CONVERSION = YES;
				CLANG_WARN_NON_LITERAL_NULL_CONVERSION = YES;
				CLANG_WARN_OBJC_IMPLICIT_RETAIN_SELF = YES;
				CLANG_WARN_OBJC_LITERAL_CONVERSION = YES;
				CLANG_WARN_OBJC_ROOT_CLASS = YES_ERROR;
				CLANG_WARN_QUOTED_INCLUDE_IN_FRAMEWORK_HEADER = YES;
				CLANG_WARN_RANGE_LOOP_ANALYSIS = YES;
				CLANG_WARN_STRICT_PROTOTYPES = YES;
				CLANG_WARN_SUSPICIOUS_MOVE = YES;
				CLANG_WARN_UNGUARDED_AVAILABILITY = YES_AGGRESSIVE;
				CLANG_WARN_UNREACHABLE_CODE = YES;
				CLANG_WARN__DUPLICATE_METHOD_MATCH = YES;
				COPY_PHASE_STRIP = NO;
				DEBUG_INFORMATION_FORMAT = dwarf;
				ENABLE_STRICT_OBJC_MSGSEND = YES;
				ENABLE_TESTABILITY = YES;
				GCC_C_LANGUAGE_STANDARD = gnu11;
				GCC_DYNAMIC_NO_PIC = NO;
				GCC_NO_COMMON_BLOCKS = YES;
				GCC_OPTIMIZATION_LEVEL = 0;
				GCC_PREPROCESSOR_DEFINITIONS = (
					"DEBUG=1",
					"$(inherited)",
				);
				GCC_WARN_64_TO_32_BIT_CONVERSION = YES;
				GCC_WARN_ABOUT_RETURN_TYPE = YES_ERROR;
				GCC_WARN_UNDECLARED_SELECTOR = YES;
				GCC_WARN_UNINITIALIZED_AUTOS = YES_AGGRESSIVE;
				GCC_WARN_UNUSED_FUNCTION = YES;
				GCC_WARN_UNUSED_VARIABLE = YES;
				IPHONEOS_DEPLOYMENT_TARGET = 16.0;
				MTL_ENABLE_DEBUG_INFO = INCLUDE_SOURCE;
				MTL_FAST_MATH = YES;
				ONLY_ACTIVE_ARCH = YES;
				SDKROOT = iphoneos;
				SWIFT_ACTIVE_COMPILATION_CONDITIONS = DEBUG;
				SWIFT_OPTIMIZATION_LEVEL = "-Onone";
			};
			name = Debug;
		};
		8E8899C629334100009DBB89 /* Release */ = {
			isa = XCBuildConfiguration;
			buildSettings = {
				ALWAYS_SEARCH_USER_PATHS = NO;
				CLANG_ANALYZER_NONNULL = YES;
				CLANG_ANALYZER_NUMBER_OBJECT_CONVERSION = YES_AGGRESSIVE;
				CLANG_CXX_LANGUAGE_STANDARD = "gnu++20";
				CLANG_ENABLE_MODULES = YES;
				CLANG_ENABLE_OBJC_ARC = YES;
				CLANG_ENABLE_OBJC_WEAK = YES;
				CLANG_WARN_BLOCK_CAPTURE_AUTORELEASING = YES;
				CLANG_WARN_BOOL_CONVERSION = YES;
				CLANG_WARN_COMMA = YES;
				CLANG_WARN_CONSTANT_CONVERSION = YES;
				CLANG_WARN_DEPRECATED_OBJC_IMPLEMENTATIONS = YES;
				CLANG_WARN_DIRECT_OBJC_ISA_USAGE = YES_ERROR;
				CLANG_WARN_DOCUMENTATION_COMMENTS = YES;
				CLANG_WARN_EMPTY_BODY = YES;
				CLANG_WARN_ENUM_CONVERSION = YES;
				CLANG_WARN_INFINITE_RECURSION = YES;
				CLANG_WARN_INT_CONVERSION = YES;
				CLANG_WARN_NON_LITERAL_NULL_CONVERSION = YES;
				CLANG_WARN_OBJC_IMPLICIT_RETAIN_SELF = YES;
				CLANG_WARN_OBJC_LITERAL_CONVERSION = YES;
				CLANG_WARN_OBJC_ROOT_CLASS = YES_ERROR;
				CLANG_WARN_QUOTED_INCLUDE_IN_FRAMEWORK_HEADER = YES;
				CLANG_WARN_RANGE_LOOP_ANALYSIS = YES;
				CLANG_WARN_STRICT_PROTOTYPES = YES;
				CLANG_WARN_SUSPICIOUS_MOVE = YES;
				CLANG_WARN_UNGUARDED_AVAILABILITY = YES_AGGRESSIVE;
				CLANG_WARN_UNREACHABLE_CODE = YES;
				CLANG_WARN__DUPLICATE_METHOD_MATCH = YES;
				COPY_PHASE_STRIP = NO;
				DEBUG_INFORMATION_FORMAT = "dwarf-with-dsym";
				ENABLE_NS_ASSERTIONS = NO;
				ENABLE_STRICT_OBJC_MSGSEND = YES;
				GCC_C_LANGUAGE_STANDARD = gnu11;
				GCC_NO_COMMON_BLOCKS = YES;
				GCC_WARN_64_TO_32_BIT_CONVERSION = YES;
				GCC_WARN_ABOUT_RETURN_TYPE = YES_ERROR;
				GCC_WARN_UNDECLARED_SELECTOR = YES;
				GCC_WARN_UNINITIALIZED_AUTOS = YES_AGGRESSIVE;
				GCC_WARN_UNUSED_FUNCTION = YES;
				GCC_WARN_UNUSED_VARIABLE = YES;
				IPHONEOS_DEPLOYMENT_TARGET = 16.0;
				MTL_ENABLE_DEBUG_INFO = NO;
				MTL_FAST_MATH = YES;
				SDKROOT = iphoneos;
				SWIFT_COMPILATION_MODE = wholemodule;
				SWIFT_OPTIMIZATION_LEVEL = "-O";
				VALIDATE_PRODUCT = YES;
			};
			name = Release;
		};
		8E8899C829334100009DBB89 /* Debug */ = {
			isa = XCBuildConfiguration;
			buildSettings = {
				ASSETCATALOG_COMPILER_APPICON_NAME = AppIcon;
				ASSETCATALOG_COMPILER_GLOBAL_ACCENT_COLOR_NAME = AccentColor;
				CODE_SIGN_STYLE = Automatic;
				CURRENT_PROJECT_VERSION = 1;
				GENERATE_INFOPLIST_FILE = YES;
				INFOPLIST_FILE = WeatherProject/Info.plist;
				INFOPLIST_KEY_UIApplicationSupportsIndirectInputEvents = YES;
				INFOPLIST_KEY_UILaunchStoryboardName = LaunchScreen;
				INFOPLIST_KEY_UIMainStoryboardFile = Main;
				INFOPLIST_KEY_UISupportedInterfaceOrientations_iPad = "UIInterfaceOrientationPortrait UIInterfaceOrientationPortraitUpsideDown UIInterfaceOrientationLandscapeLeft UIInterfaceOrientationLandscapeRight";
				INFOPLIST_KEY_UISupportedInterfaceOrientations_iPhone = "UIInterfaceOrientationPortrait UIInterfaceOrientationLandscapeLeft UIInterfaceOrientationLandscapeRight";
				LD_RUNPATH_SEARCH_PATHS = (
					"$(inherited)",
					"@executable_path/Frameworks",
				);
				MARKETING_VERSION = 1.0;
				PRODUCT_BUNDLE_IDENTIFIER = com.yusuffproduction.WeatherProject;
				PRODUCT_NAME = "$(TARGET_NAME)";
				SWIFT_EMIT_LOC_STRINGS = YES;
				SWIFT_VERSION = 5.0;
				TARGETED_DEVICE_FAMILY = "1,2";
			};
			name = Debug;
		};
		8E8899C929334100009DBB89 /* Release */ = {
			isa = XCBuildConfiguration;
			buildSettings = {
				ASSETCATALOG_COMPILER_APPICON_NAME = AppIcon;
				ASSETCATALOG_COMPILER_GLOBAL_ACCENT_COLOR_NAME = AccentColor;
				CODE_SIGN_STYLE = Automatic;
				CURRENT_PROJECT_VERSION = 1;
				GENERATE_INFOPLIST_FILE = YES;
				INFOPLIST_FILE = WeatherProject/Info.plist;
				INFOPLIST_KEY_UIApplicationSupportsIndirectInputEvents = YES;
				INFOPLIST_KEY_UILaunchStoryboardName = LaunchScreen;
				INFOPLIST_KEY_UIMainStoryboardFile = Main;
				INFOPLIST_KEY_UISupportedInterfaceOrientations_iPad = "UIInterfaceOrientationPortrait UIInterfaceOrientationPortraitUpsideDown UIInterfaceOrientationLandscapeLeft UIInterfaceOrientationLandscapeRight";
				INFOPLIST_KEY_UISupportedInterfaceOrientations_iPhone = "UIInterfaceOrientationPortrait UIInterfaceOrientationLandscapeLeft UIInterfaceOrientationLandscapeRight";
				LD_RUNPATH_SEARCH_PATHS = (
					"$(inherited)",
					"@executable_path/Frameworks",
				);
				MARKETING_VERSION = 1.0;
				PRODUCT_BUNDLE_IDENTIFIER = com.yusuffproduction.WeatherProject;
				PRODUCT_NAME = "$(TARGET_NAME)";
				SWIFT_EMIT_LOC_STRINGS = YES;
				SWIFT_VERSION = 5.0;
				TARGETED_DEVICE_FAMILY = "1,2";
			};
			name = Release;
		};
/* End XCBuildConfiguration section */

/* Begin XCConfigurationList section */
		8E8899AB293340FE009DBB89 /* Build configuration list for PBXProject "WeatherProject" */ = {
			isa = XCConfigurationList;
			buildConfigurations = (
				8E8899C529334100009DBB89 /* Debug */,
				8E8899C629334100009DBB89 /* Release */,
			);
			defaultConfigurationIsVisible = 0;
			defaultConfigurationName = Release;
		};
		8E8899C729334100009DBB89 /* Build configuration list for PBXNativeTarget "WeatherProject" */ = {
			isa = XCConfigurationList;
			buildConfigurations = (
				8E8899C829334100009DBB89 /* Debug */,
				8E8899C929334100009DBB89 /* Release */,
			);
			defaultConfigurationIsVisible = 0;
			defaultConfigurationName = Release;
		};
/* End XCConfigurationList section */

/* Begin XCVersionGroup section */
		8E8899BC293340FE009DBB89 /* WeatherProject.xcdatamodeld */ = {
			isa = XCVersionGroup;
			children = (
				8E8899BD293340FE009DBB89 /* WeatherProject.xcdatamodel */,
			);
			currentVersion = 8E8899BD293340FE009DBB89 /* WeatherProject.xcdatamodel */;
			path = WeatherProject.xcdatamodeld;
			sourceTree = "<group>";
			versionGroupType = wrapper.xcdatamodel;
		};
/* End XCVersionGroup section */
	};
	rootObject = 8E8899A8293340FE009DBB89 /* Project object */;
}
